
Microsoft Visual Studio Solution File, Format Version 12.00
# Visual Studio Version 17
VisualStudioVersion = 17.2.32526.322
MinimumVisualStudioVersion = 10.0.40219.1
Project("{FAE04EC0-301F-11D3-BF4B-00C04F79EFBC}") = "AutomataEHR", "AutomataEHR\AutomataEHR.csproj", "{75D11520-8FDB-430D-B120-292158A80069}"
EndProject
Project("{FAE04EC0-301F-11D3-BF4B-00C04F79EFBC}") = "AutomataEHR-Services", "AutomataEHR-Services\AutomataEHR-Services.csproj", "{EB70723B-B370-4840-8658-04B10D65D486}"
EndProject
Project("{FAE04EC0-301F-11D3-BF4B-00C04F79EFBC}") = "AutomataEHR-Repo", "AutomataEHR-Repo\AutomataEHR-Repo.csproj", "{4C52D1E6-F61A-4917-9EF4-2A82ECE53E17}"
EndProject
Global
	GlobalSection(SolutionConfigurationPlatforms) = preSolution
		Debug|Any CPU = Debug|Any CPU
		Release|Any CPU = Release|Any CPU
	EndGlobalSection
	GlobalSection(ProjectConfigurationPlatforms) = postSolution
		{75D11520-8FDB-430D-B120-292158A80069}.Debug|Any CPU.ActiveCfg = Debug|Any CPU
		{75D11520-8FDB-430D-B120-292158A80069}.Debug|Any CPU.Build.0 = Debug|Any CPU
		{75D11520-8FDB-430D-B120-292158A80069}.Release|Any CPU.ActiveCfg = Release|Any CPU
		{75D11520-8FDB-430D-B120-292158A80069}.Release|Any CPU.Build.0 = Release|Any CPU
		{EB70723B-B370-4840-8658-04B10D65D486}.Debug|Any CPU.ActiveCfg = Debug|Any CPU
		{EB70723B-B370-4840-8658-04B10D65D486}.Debug|Any CPU.Build.0 = Debug|Any CPU
		{EB70723B-B370-4840-8658-04B10D65D486}.Release|Any CPU.ActiveCfg = Release|Any CPU
		{EB70723B-B370-4840-8658-04B10D65D486}.Release|Any CPU.Build.0 = Release|Any CPU
		{4C52D1E6-F61A-4917-9EF4-2A82ECE53E17}.Debug|Any CPU.ActiveCfg = Debug|Any CPU
		{4C52D1E6-F61A-4917-9EF4-2A82ECE53E17}.Debug|Any CPU.Build.0 = Debug|Any CPU
		{4C52D1E6-F61A-4917-9EF4-2A82ECE53E17}.Release|Any CPU.ActiveCfg = Release|Any CPU
		{4C52D1E6-F61A-4917-9EF4-2A82ECE53E17}.Release|Any CPU.Build.0 = Release|Any CPU
	EndGlobalSection
	GlobalSection(SolutionProperties) = preSolution
		HideSolutionNode = FALSE
	EndGlobalSection
	GlobalSection(ExtensibilityGlobals) = postSolution
		SolutionGuid = {FD879B66-96F8-4463-84E5-215EB98AAA9A}
	EndGlobalSection
EndGlobal
